# This file is autogenerated, do not edit; changes may be undone by the next 'dep ensure'.


[[projects]]
  name = "github.com/pkg/errors"
  packages = ["."]
  revision = "ba968bfe8b2f7e042a574c888954fccecfa385b4"
  version = "v0.8.1"

[solve-meta]
  analyzer-name = "dep"
  analyzer-version = 1
  inputs-digest = "18ad48ff39cecf02cb81b938e4dc0f9ea4f512b067feeadf8cfcea9cc7148e52"
  solver-name = "gps-cdcl"
  solver-version = 1
